
Microsoft Visual Studio Solution File, Format Version 12.00
# Visual Studio Version 17
VisualStudioVersion = 17.8.34004.107
MinimumVisualStudioVersion = 10.0.40219.1
Project("{FAE04EC0-301F-11D3-BF4B-00C04F79EFBC}") = "ProfanityBot", "ProfanityBot\ProfanityBot.csproj", "{BD97941A-562B-4DBF-B3F7-AE7D57952B02}"
EndProject
Global
	GlobalSection(SolutionConfigurationPlatforms) = preSolution
		Debug|Any CPU = Debug|Any CPU
		Release|Any CPU = Release|Any CPU
	EndGlobalSection
	GlobalSection(ProjectConfigurationPlatforms) = postSolution
		{BD97941A-562B-4DBF-B3F7-AE7D57952B02}.Debug|Any CPU.ActiveCfg = Debug|Any CPU
		{BD97941A-562B-4DBF-B3F7-AE7D57952B02}.Debug|Any CPU.Build.0 = Debug|Any CPU
		{BD97941A-562B-4DBF-B3F7-AE7D57952B02}.Release|Any CPU.ActiveCfg = Release|Any CPU
		{BD97941A-562B-4DBF-B3F7-AE7D57952B02}.Release|Any CPU.Build.0 = Release|Any CPU
	EndGlobalSection
	GlobalSection(SolutionProperties) = preSolution
		HideSolutionNode = FALSE
	EndGlobalSection
	GlobalSection(ExtensibilityGlobals) = postSolution
		SolutionGuid = {22D5D20D-FF09-4B45-BE8E-41EA2E0273A6}
	EndGlobalSection
EndGlobal
